
Microsoft Visual Studio Solution File, Format Version 12.00
# Visual Studio Version 17
VisualStudioVersion = 17.13.35931.197 d17.13
MinimumVisualStudioVersion = 10.0.40219.1
Project("{FAE04EC0-301F-11D3-BF4B-00C04F79EFBC}") = "Lab1", "Lab1\Lab1.csproj", "{9C3B42D9-E505-4ABD-8CDA-17C32396DF82}"
EndProject
Global
	GlobalSection(SolutionConfigurationPlatforms) = preSolution
		Debug|Any CPU = Debug|Any CPU
		Release|Any CPU = Release|Any CPU
	EndGlobalSection
	GlobalSection(ProjectConfigurationPlatforms) = postSolution
		{9C3B42D9-E505-4ABD-8CDA-17C32396DF82}.Debug|Any CPU.ActiveCfg = Debug|Any CPU
		{9C3B42D9-E505-4ABD-8CDA-17C32396DF82}.Debug|Any CPU.Build.0 = Debug|Any CPU
		{9C3B42D9-E505-4ABD-8CDA-17C32396DF82}.Release|Any CPU.ActiveCfg = Release|Any CPU
		{9C3B42D9-E505-4ABD-8CDA-17C32396DF82}.Release|Any CPU.Build.0 = Release|Any CPU
	EndGlobalSection
	GlobalSection(SolutionProperties) = preSolution
		HideSolutionNode = FALSE
	EndGlobalSection
	GlobalSection(ExtensibilityGlobals) = postSolution
		SolutionGuid = {50F1CE77-07E6-4F97-8351-957782837999}
	EndGlobalSection
EndGlobal
